
Microsoft Visual Studio Solution File, Format Version 12.00
# Visual Studio Version 16
VisualStudioVersion = 16.0.29613.14
MinimumVisualStudioVersion = 10.0.40219.1
Project("{9A19103F-16F7-4668-BE54-9A1E7A4F7556}") = "NUnitTestProject1", "NUnitTestProject1.csproj", "{C12B75BA-F9B9-486C-8387-E3C861A87EDD}"
EndProject
Project("{9A19103F-16F7-4668-BE54-9A1E7A4F7556}") = "CensusAnalyserTest", "..\CensusAnalyserTest\CensusAnalyserTest.csproj", "{162F2879-742D-46C3-9500-095E5184DFEB}"
EndProject
Global
	GlobalSection(SolutionConfigurationPlatforms) = preSolution
		Debug|Any CPU = Debug|Any CPU
		Release|Any CPU = Release|Any CPU
	EndGlobalSection
	GlobalSection(ProjectConfigurationPlatforms) = postSolution
		{C12B75BA-F9B9-486C-8387-E3C861A87EDD}.Debug|Any CPU.ActiveCfg = Debug|Any CPU
		{C12B75BA-F9B9-486C-8387-E3C861A87EDD}.Debug|Any CPU.Build.0 = Debug|Any CPU
		{C12B75BA-F9B9-486C-8387-E3C861A87EDD}.Release|Any CPU.ActiveCfg = Release|Any CPU
		{C12B75BA-F9B9-486C-8387-E3C861A87EDD}.Release|Any CPU.Build.0 = Release|Any CPU
		{162F2879-742D-46C3-9500-095E5184DFEB}.Debug|Any CPU.ActiveCfg = Debug|Any CPU
		{162F2879-742D-46C3-9500-095E5184DFEB}.Debug|Any CPU.Build.0 = Debug|Any CPU
		{162F2879-742D-46C3-9500-095E5184DFEB}.Release|Any CPU.ActiveCfg = Release|Any CPU
		{162F2879-742D-46C3-9500-095E5184DFEB}.Release|Any CPU.Build.0 = Release|Any CPU
	EndGlobalSection
	GlobalSection(SolutionProperties) = preSolution
		HideSolutionNode = FALSE
	EndGlobalSection
	GlobalSection(ExtensibilityGlobals) = postSolution
		SolutionGuid = {B90EEE91-C8B2-45A7-96FF-CB1867DBA4CD}
	EndGlobalSection
EndGlobal
